{
  "name": "totp-token-generator",
  "version": "1.0.0",
  "lockfileVersion": 3,
  "requires": true,
  "packages": {
    "": {
      "name": "totp-token-generator",
      "version": "1.0.0",
      "license": "MIT",
      "devDependencies": {
        "@otplib/preset-browser": "^12.0.1"
      }
    },
    "node_modules/@otplib/preset-browser": {
      "version": "12.0.1",
      "resolved": "https://registry.npmjs.org/@otplib/preset-browser/-/preset-browser-12.0.1.tgz",
      "integrity": "sha512-64Eb6JLRRcER2NuIIVQIVNb3yn4mJLUwN1i3icmmNpTS+r4izwdM3eQs9wbeRjjX46kgfMZqPFYsC9JuGM0TKw==",
      "dev": true,
      "license": "MIT"
    }
  }
}
